
Microsoft Visual Studio Solution File, Format Version 12.00
# Visual Studio Version 17
VisualStudioVersion = 17.1.32210.238
MinimumVisualStudioVersion = 10.0.40219.1
Project("{9A19103F-16F7-4668-BE54-9A1E7A4F7556}") = "ClinicApp", "ClinicApp\ClinicApp.csproj", "{58E8057B-5829-4F61-B0AA-E3DAACFDEA34}"
EndProject
Project("{9A19103F-16F7-4668-BE54-9A1E7A4F7556}") = "Common", "Common\Common.csproj", "{458ACBAA-6757-4F65-A368-077F05044195}"
EndProject
Project("{9A19103F-16F7-4668-BE54-9A1E7A4F7556}") = "Bot", "Bot\Bot.csproj", "{632A3D27-82F7-45FE-B946-317C10DF4771}"
EndProject
Project("{9A19103F-16F7-4668-BE54-9A1E7A4F7556}") = "ClinicAppTests", "ClinicAppTests\ClinicAppTests.csproj", "{4ECC18C5-382E-41C1-95B8-ED833DD19F0E}"
EndProject
Project("{9A19103F-16F7-4668-BE54-9A1E7A4F7556}") = "Notifications", "Notifications\Notifications.csproj", "{55167AA9-2675-4B84-A887-D92E1A39D580}"
EndProject
Project("{FAE04EC0-301F-11D3-BF4B-00C04F79EFBC}") = "NotificationFunction", "NotificationFunction\NotificationFunction.csproj", "{05D352A6-4AEC-41AF-B811-5FA86A67460F}"
EndProject
Global
	GlobalSection(SolutionConfigurationPlatforms) = preSolution
		Debug|Any CPU = Debug|Any CPU
		Release|Any CPU = Release|Any CPU
	EndGlobalSection
	GlobalSection(ProjectConfigurationPlatforms) = postSolution
		{58E8057B-5829-4F61-B0AA-E3DAACFDEA34}.Debug|Any CPU.ActiveCfg = Debug|Any CPU
		{58E8057B-5829-4F61-B0AA-E3DAACFDEA34}.Debug|Any CPU.Build.0 = Debug|Any CPU
		{58E8057B-5829-4F61-B0AA-E3DAACFDEA34}.Release|Any CPU.ActiveCfg = Release|Any CPU
		{58E8057B-5829-4F61-B0AA-E3DAACFDEA34}.Release|Any CPU.Build.0 = Release|Any CPU
		{458ACBAA-6757-4F65-A368-077F05044195}.Debug|Any CPU.ActiveCfg = Debug|Any CPU
		{458ACBAA-6757-4F65-A368-077F05044195}.Debug|Any CPU.Build.0 = Debug|Any CPU
		{458ACBAA-6757-4F65-A368-077F05044195}.Release|Any CPU.ActiveCfg = Release|Any CPU
		{458ACBAA-6757-4F65-A368-077F05044195}.Release|Any CPU.Build.0 = Release|Any CPU
		{632A3D27-82F7-45FE-B946-317C10DF4771}.Debug|Any CPU.ActiveCfg = Debug|Any CPU
		{632A3D27-82F7-45FE-B946-317C10DF4771}.Debug|Any CPU.Build.0 = Debug|Any CPU
		{632A3D27-82F7-45FE-B946-317C10DF4771}.Release|Any CPU.ActiveCfg = Release|Any CPU
		{632A3D27-82F7-45FE-B946-317C10DF4771}.Release|Any CPU.Build.0 = Release|Any CPU
		{4ECC18C5-382E-41C1-95B8-ED833DD19F0E}.Debug|Any CPU.ActiveCfg = Debug|Any CPU
		{4ECC18C5-382E-41C1-95B8-ED833DD19F0E}.Debug|Any CPU.Build.0 = Debug|Any CPU
		{4ECC18C5-382E-41C1-95B8-ED833DD19F0E}.Release|Any CPU.ActiveCfg = Release|Any CPU
		{4ECC18C5-382E-41C1-95B8-ED833DD19F0E}.Release|Any CPU.Build.0 = Release|Any CPU
		{55167AA9-2675-4B84-A887-D92E1A39D580}.Debug|Any CPU.ActiveCfg = Debug|Any CPU
		{55167AA9-2675-4B84-A887-D92E1A39D580}.Debug|Any CPU.Build.0 = Debug|Any CPU
		{55167AA9-2675-4B84-A887-D92E1A39D580}.Release|Any CPU.ActiveCfg = Release|Any CPU
		{55167AA9-2675-4B84-A887-D92E1A39D580}.Release|Any CPU.Build.0 = Release|Any CPU
		{05D352A6-4AEC-41AF-B811-5FA86A67460F}.Debug|Any CPU.ActiveCfg = Debug|Any CPU
		{05D352A6-4AEC-41AF-B811-5FA86A67460F}.Debug|Any CPU.Build.0 = Debug|Any CPU
		{05D352A6-4AEC-41AF-B811-5FA86A67460F}.Release|Any CPU.ActiveCfg = Release|Any CPU
		{05D352A6-4AEC-41AF-B811-5FA86A67460F}.Release|Any CPU.Build.0 = Release|Any CPU
	EndGlobalSection
	GlobalSection(SolutionProperties) = preSolution
		HideSolutionNode = FALSE
	EndGlobalSection
	GlobalSection(ExtensibilityGlobals) = postSolution
		SolutionGuid = {B8A37953-8682-41F7-A0E7-CA5A5E925A38}
	EndGlobalSection
EndGlobal
